
Microsoft Visual Studio Solution File, Format Version 12.00
# Visual Studio Version 17
VisualStudioVersion = 17.3.32901.215
MinimumVisualStudioVersion = 10.0.40219.1
Project("{FAE04EC0-301F-11D3-BF4B-00C04F79EFBC}") = "Innovation Uniform Editor", "Innovation Uniform Editor\Innovation Uniform Editor.csproj", "{111DD03F-1239-43A1-94F2-89F76784649A}"
EndProject
Project("{54435603-DBB4-11D2-8724-00A0C9A8B90C}") = "Innovation Uniform Editor Setup", "Innovation Uniform Editor Setup\Innovation Uniform Editor Setup.vdproj", "{19179F13-702A-4317-B992-DF900DB3EED7}"
EndProject
Project("{FAE04EC0-301F-11D3-BF4B-00C04F79EFBC}") = "Innovation Uniform Editor Backend", "Innovation Uniform Editor Backend\Innovation Uniform Editor Backend.csproj", "{D7AD02BD-D1FA-40E4-8A54-38EB64ADA461}"
EndProject
Global
	GlobalSection(SolutionConfigurationPlatforms) = preSolution
		Bugtest|Any CPU = Bugtest|Any CPU
		Bugtest|ARM = Bugtest|ARM
		Bugtest|ARM64 = Bugtest|ARM64
		Bugtest|x64 = Bugtest|x64
		Bugtest|x86 = Bugtest|x86
		Debug|Any CPU = Debug|Any CPU
		Debug|ARM = Debug|ARM
		Debug|ARM64 = Debug|ARM64
		Debug|x64 = Debug|x64
		Debug|x86 = Debug|x86
		Development|Any CPU = Development|Any CPU
		Development|ARM = Development|ARM
		Development|ARM64 = Development|ARM64
		Development|x64 = Development|x64
		Development|x86 = Development|x86
		Portable (Release)|Any CPU = Portable (Release)|Any CPU
		Portable (Release)|ARM = Portable (Release)|ARM
		Portable (Release)|ARM64 = Portable (Release)|ARM64
		Portable (Release)|x64 = Portable (Release)|x64
		Portable (Release)|x86 = Portable (Release)|x86
		Preview|Any CPU = Preview|Any CPU
		Preview|ARM = Preview|ARM
		Preview|ARM64 = Preview|ARM64
		Preview|x64 = Preview|x64
		Preview|x86 = Preview|x86
		Release (Installer)|Any CPU = Release (Installer)|Any CPU
		Release (Installer)|ARM = Release (Installer)|ARM
		Release (Installer)|ARM64 = Release (Installer)|ARM64
		Release (Installer)|x64 = Release (Installer)|x64
		Release (Installer)|x86 = Release (Installer)|x86
		Release|Any CPU = Release|Any CPU
		Release|ARM = Release|ARM
		Release|ARM64 = Release|ARM64
		Release|x64 = Release|x64
		Release|x86 = Release|x86
	EndGlobalSection
	GlobalSection(ProjectConfigurationPlatforms) = postSolution
		{111DD03F-1239-43A1-94F2-89F76784649A}.Bugtest|Any CPU.ActiveCfg = Release|Any CPU
		{111DD03F-1239-43A1-94F2-89F76784649A}.Bugtest|Any CPU.Build.0 = Release|Any CPU
		{111DD03F-1239-43A1-94F2-89F76784649A}.Bugtest|ARM.ActiveCfg = Release|Any CPU
		{111DD03F-1239-43A1-94F2-89F76784649A}.Bugtest|ARM.Build.0 = Release|Any CPU
		{111DD03F-1239-43A1-94F2-89F76784649A}.Bugtest|ARM64.ActiveCfg = Release|Any CPU
		{111DD03F-1239-43A1-94F2-89F76784649A}.Bugtest|ARM64.Build.0 = Release|Any CPU
		{111DD03F-1239-43A1-94F2-89F76784649A}.Bugtest|x64.ActiveCfg = Release|x64
		{111DD03F-1239-43A1-94F2-89F76784649A}.Bugtest|x64.Build.0 = Release|x64
		{111DD03F-1239-43A1-94F2-89F76784649A}.Bugtest|x86.ActiveCfg = Release|x86
		{111DD03F-1239-43A1-94F2-89F76784649A}.Bugtest|x86.Build.0 = Release|x86
		{111DD03F-1239-43A1-94F2-89F76784649A}.Debug|Any CPU.ActiveCfg = Debug|Any CPU
		{111DD03F-1239-43A1-94F2-89F76784649A}.Debug|Any CPU.Build.0 = Debug|Any CPU
		{111DD03F-1239-43A1-94F2-89F76784649A}.Debug|ARM.ActiveCfg = Debug|Any CPU
		{111DD03F-1239-43A1-94F2-89F76784649A}.Debug|ARM.Build.0 = Debug|Any CPU
		{111DD03F-1239-43A1-94F2-89F76784649A}.Debug|ARM64.ActiveCfg = Debug|Any CPU
		{111DD03F-1239-43A1-94F2-89F76784649A}.Debug|ARM64.Build.0 = Debug|Any CPU
		{111DD03F-1239-43A1-94F2-89F76784649A}.Debug|x64.ActiveCfg = Debug|x64
		{111DD03F-1239-43A1-94F2-89F76784649A}.Debug|x64.Build.0 = Debug|x64
		{111DD03F-1239-43A1-94F2-89F76784649A}.Debug|x86.ActiveCfg = Debug|x86
		{111DD03F-1239-43A1-94F2-89F76784649A}.Debug|x86.Build.0 = Debug|x86
		{111DD03F-1239-43A1-94F2-89F76784649A}.Development|Any CPU.ActiveCfg = Debug|Any CPU
		{111DD03F-1239-43A1-94F2-89F76784649A}.Development|Any CPU.Build.0 = Debug|Any CPU
		{111DD03F-1239-43A1-94F2-89F76784649A}.Development|ARM.ActiveCfg = Debug|Any CPU
		{111DD03F-1239-43A1-94F2-89F76784649A}.Development|ARM.Build.0 = Debug|Any CPU
		{111DD03F-1239-43A1-94F2-89F76784649A}.Development|ARM64.ActiveCfg = Debug|Any CPU
		{111DD03F-1239-43A1-94F2-89F76784649A}.Development|ARM64.Build.0 = Debug|Any CPU
		{111DD03F-1239-43A1-94F2-89F76784649A}.Development|x64.ActiveCfg = Debug|x64
		{111DD03F-1239-43A1-94F2-89F76784649A}.Development|x64.Build.0 = Debug|x64
		{111DD03F-1239-43A1-94F2-89F76784649A}.Development|x86.ActiveCfg = Debug|x86
		{111DD03F-1239-43A1-94F2-89F76784649A}.Development|x86.Build.0 = Debug|x86
		{111DD03F-1239-43A1-94F2-89F76784649A}.Portable (Release)|Any CPU.ActiveCfg = Release|Any CPU
		{111DD03F-1239-43A1-94F2-89F76784649A}.Portable (Release)|Any CPU.Build.0 = Release|Any CPU
		{111DD03F-1239-43A1-94F2-89F76784649A}.Portable (Release)|ARM.ActiveCfg = Release|Any CPU
		{111DD03F-1239-43A1-94F2-89F76784649A}.Portable (Release)|ARM.Build.0 = Release|Any CPU
		{111DD03F-1239-43A1-94F2-89F76784649A}.Portable (Release)|ARM64.ActiveCfg = Release|Any CPU
		{111DD03F-1239-43A1-94F2-89F76784649A}.Portable (Release)|ARM64.Build.0 = Release|Any CPU
		{111DD03F-1239-43A1-94F2-89F76784649A}.Portable (Release)|x64.ActiveCfg = Release|x64
		{111DD03F-1239-43A1-94F2-89F76784649A}.Portable (Release)|x64.Build.0 = Release|x64
		{111DD03F-1239-43A1-94F2-89F76784649A}.Portable (Release)|x86.ActiveCfg = Release|x86
		{111DD03F-1239-43A1-94F2-89F76784649A}.Portable (Release)|x86.Build.0 = Release|x86
		{111DD03F-1239-43A1-94F2-89F76784649A}.Preview|Any CPU.ActiveCfg = Release|Any CPU
		{111DD03F-1239-43A1-94F2-89F76784649A}.Preview|Any CPU.Build.0 = Release|Any CPU
		{111DD03F-1239-43A1-94F2-89F76784649A}.Preview|ARM.ActiveCfg = Release|Any CPU
		{111DD03F-1239-43A1-94F2-89F76784649A}.Preview|ARM.Build.0 = Release|Any CPU
		{111DD03F-1239-43A1-94F2-89F76784649A}.Preview|ARM64.ActiveCfg = Release|Any CPU
		{111DD03F-1239-43A1-94F2-89F76784649A}.Preview|ARM64.Build.0 = Release|Any CPU
		{111DD03F-1239-43A1-94F2-89F76784649A}.Preview|x64.ActiveCfg = Release|x64
		{111DD03F-1239-43A1-94F2-89F76784649A}.Preview|x64.Build.0 = Release|x64
		{111DD03F-1239-43A1-94F2-89F76784649A}.Preview|x86.ActiveCfg = Release|x86
		{111DD03F-1239-43A1-94F2-89F76784649A}.Preview|x86.Build.0 = Release|x86
		{111DD03F-1239-43A1-94F2-89F76784649A}.Release (Installer)|Any CPU.ActiveCfg = Release|Any CPU
		{111DD03F-1239-43A1-94F2-89F76784649A}.Release (Installer)|Any CPU.Build.0 = Release|Any CPU
		{111DD03F-1239-43A1-94F2-89F76784649A}.Release (Installer)|ARM.ActiveCfg = Release|Any CPU
		{111DD03F-1239-43A1-94F2-89F76784649A}.Release (Installer)|ARM.Build.0 = Release|Any CPU
		{111DD03F-1239-43A1-94F2-89F76784649A}.Release (Installer)|ARM64.ActiveCfg = Release|Any CPU
		{111DD03F-1239-43A1-94F2-89F76784649A}.Release (Installer)|ARM64.Build.0 = Release|Any CPU
		{111DD03F-1239-43A1-94F2-89F76784649A}.Release (Installer)|x64.ActiveCfg = Release|Any CPU
		{111DD03F-1239-43A1-94F2-89F76784649A}.Release (Installer)|x64.Build.0 = Release|Any CPU
		{111DD03F-1239-43A1-94F2-89F76784649A}.Release (Installer)|x86.ActiveCfg = Release|x86
		{111DD03F-1239-43A1-94F2-89F76784649A}.Release (Installer)|x86.Build.0 = Release|x86
		{111DD03F-1239-43A1-94F2-89F76784649A}.Release|Any CPU.ActiveCfg = Release|Any CPU
		{111DD03F-1239-43A1-94F2-89F76784649A}.Release|Any CPU.Build.0 = Release|Any CPU
		{111DD03F-1239-43A1-94F2-89F76784649A}.Release|ARM.ActiveCfg = Release|Any CPU
		{111DD03F-1239-43A1-94F2-89F76784649A}.Release|ARM.Build.0 = Release|Any CPU
		{111DD03F-1239-43A1-94F2-89F76784649A}.Release|ARM64.ActiveCfg = Release|Any CPU
		{111DD03F-1239-43A1-94F2-89F76784649A}.Release|ARM64.Build.0 = Release|Any CPU
		{111DD03F-1239-43A1-94F2-89F76784649A}.Release|x64.ActiveCfg = Release|x64
		{111DD03F-1239-43A1-94F2-89F76784649A}.Release|x64.Build.0 = Release|x64
		{111DD03F-1239-43A1-94F2-89F76784649A}.Release|x86.ActiveCfg = Release|x86
		{111DD03F-1239-43A1-94F2-89F76784649A}.Release|x86.Build.0 = Release|x86
		{19179F13-702A-4317-B992-DF900DB3EED7}.Bugtest|Any CPU.ActiveCfg = Release
		{19179F13-702A-4317-B992-DF900DB3EED7}.Bugtest|ARM.ActiveCfg = Release
		{19179F13-702A-4317-B992-DF900DB3EED7}.Bugtest|ARM.Build.0 = Release
		{19179F13-702A-4317-B992-DF900DB3EED7}.Bugtest|ARM64.ActiveCfg = Release
		{19179F13-702A-4317-B992-DF900DB3EED7}.Bugtest|ARM64.Build.0 = Release
		{19179F13-702A-4317-B992-DF900DB3EED7}.Bugtest|x64.ActiveCfg = Release
		{19179F13-702A-4317-B992-DF900DB3EED7}.Bugtest|x64.Build.0 = Release
		{19179F13-702A-4317-B992-DF900DB3EED7}.Bugtest|x86.ActiveCfg = Release
		{19179F13-702A-4317-B992-DF900DB3EED7}.Bugtest|x86.Build.0 = Release
		{19179F13-702A-4317-B992-DF900DB3EED7}.Debug|Any CPU.ActiveCfg = Debug
		{19179F13-702A-4317-B992-DF900DB3EED7}.Debug|ARM.ActiveCfg = Debug
		{19179F13-702A-4317-B992-DF900DB3EED7}.Debug|ARM.Build.0 = Debug
		{19179F13-702A-4317-B992-DF900DB3EED7}.Debug|ARM64.ActiveCfg = Debug
		{19179F13-702A-4317-B992-DF900DB3EED7}.Debug|ARM64.Build.0 = Debug
		{19179F13-702A-4317-B992-DF900DB3EED7}.Debug|x64.ActiveCfg = Debug
		{19179F13-702A-4317-B992-DF900DB3EED7}.Debug|x86.ActiveCfg = Debug
		{19179F13-702A-4317-B992-DF900DB3EED7}.Development|Any CPU.ActiveCfg = Debug
		{19179F13-702A-4317-B992-DF900DB3EED7}.Development|ARM.ActiveCfg = Debug
		{19179F13-702A-4317-B992-DF900DB3EED7}.Development|ARM.Build.0 = Debug
		{19179F13-702A-4317-B992-DF900DB3EED7}.Development|ARM64.ActiveCfg = Debug
		{19179F13-702A-4317-B992-DF900DB3EED7}.Development|ARM64.Build.0 = Debug
		{19179F13-702A-4317-B992-DF900DB3EED7}.Development|x64.ActiveCfg = Debug
		{19179F13-702A-4317-B992-DF900DB3EED7}.Development|x64.Build.0 = Debug
		{19179F13-702A-4317-B992-DF900DB3EED7}.Development|x86.ActiveCfg = Debug
		{19179F13-702A-4317-B992-DF900DB3EED7}.Development|x86.Build.0 = Debug
		{19179F13-702A-4317-B992-DF900DB3EED7}.Portable (Release)|Any CPU.ActiveCfg = Release
		{19179F13-702A-4317-B992-DF900DB3EED7}.Portable (Release)|ARM.ActiveCfg = Release
		{19179F13-702A-4317-B992-DF900DB3EED7}.Portable (Release)|ARM.Build.0 = Release
		{19179F13-702A-4317-B992-DF900DB3EED7}.Portable (Release)|ARM64.ActiveCfg = Release
		{19179F13-702A-4317-B992-DF900DB3EED7}.Portable (Release)|ARM64.Build.0 = Release
		{19179F13-702A-4317-B992-DF900DB3EED7}.Portable (Release)|x64.ActiveCfg = Release
		{19179F13-702A-4317-B992-DF900DB3EED7}.Portable (Release)|x64.Build.0 = Release
		{19179F13-702A-4317-B992-DF900DB3EED7}.Portable (Release)|x86.ActiveCfg = Release
		{19179F13-702A-4317-B992-DF900DB3EED7}.Portable (Release)|x86.Build.0 = Release
		{19179F13-702A-4317-B992-DF900DB3EED7}.Preview|Any CPU.ActiveCfg = Release
		{19179F13-702A-4317-B992-DF900DB3EED7}.Preview|ARM.ActiveCfg = Release
		{19179F13-702A-4317-B992-DF900DB3EED7}.Preview|ARM.Build.0 = Release
		{19179F13-702A-4317-B992-DF900DB3EED7}.Preview|ARM64.ActiveCfg = Release
		{19179F13-702A-4317-B992-DF900DB3EED7}.Preview|ARM64.Build.0 = Release
		{19179F13-702A-4317-B992-DF900DB3EED7}.Preview|x64.ActiveCfg = Release
		{19179F13-702A-4317-B992-DF900DB3EED7}.Preview|x64.Build.0 = Release
		{19179F13-702A-4317-B992-DF900DB3EED7}.Preview|x86.ActiveCfg = Release
		{19179F13-702A-4317-B992-DF900DB3EED7}.Preview|x86.Build.0 = Release
		{19179F13-702A-4317-B992-DF900DB3EED7}.Release (Installer)|Any CPU.ActiveCfg = Release
		{19179F13-702A-4317-B992-DF900DB3EED7}.Release (Installer)|Any CPU.Build.0 = Release
		{19179F13-702A-4317-B992-DF900DB3EED7}.Release (Installer)|ARM.ActiveCfg = Release
		{19179F13-702A-4317-B992-DF900DB3EED7}.Release (Installer)|ARM.Build.0 = Release
		{19179F13-702A-4317-B992-DF900DB3EED7}.Release (Installer)|ARM64.ActiveCfg = Release
		{19179F13-702A-4317-B992-DF900DB3EED7}.Release (Installer)|ARM64.Build.0 = Release
		{19179F13-702A-4317-B992-DF900DB3EED7}.Release (Installer)|x64.ActiveCfg = Release
		{19179F13-702A-4317-B992-DF900DB3EED7}.Release (Installer)|x64.Build.0 = Release
		{19179F13-702A-4317-B992-DF900DB3EED7}.Release (Installer)|x86.ActiveCfg = Release
		{19179F13-702A-4317-B992-DF900DB3EED7}.Release (Installer)|x86.Build.0 = Release
		{19179F13-702A-4317-B992-DF900DB3EED7}.Release|Any CPU.ActiveCfg = Release
		{19179F13-702A-4317-B992-DF900DB3EED7}.Release|ARM.ActiveCfg = Release
		{19179F13-702A-4317-B992-DF900DB3EED7}.Release|ARM.Build.0 = Release
		{19179F13-702A-4317-B992-DF900DB3EED7}.Release|ARM64.ActiveCfg = Release
		{19179F13-702A-4317-B992-DF900DB3EED7}.Release|ARM64.Build.0 = Release
		{19179F13-702A-4317-B992-DF900DB3EED7}.Release|x64.ActiveCfg = Release
		{19179F13-702A-4317-B992-DF900DB3EED7}.Release|x86.ActiveCfg = Release
		{D7AD02BD-D1FA-40E4-8A54-38EB64ADA461}.Bugtest|Any CPU.ActiveCfg = Bugtest|Any CPU
		{D7AD02BD-D1FA-40E4-8A54-38EB64ADA461}.Bugtest|Any CPU.Build.0 = Bugtest|Any CPU
		{D7AD02BD-D1FA-40E4-8A54-38EB64ADA461}.Bugtest|ARM.ActiveCfg = Bugtest|Any CPU
		{D7AD02BD-D1FA-40E4-8A54-38EB64ADA461}.Bugtest|ARM.Build.0 = Bugtest|Any CPU
		{D7AD02BD-D1FA-40E4-8A54-38EB64ADA461}.Bugtest|ARM64.ActiveCfg = Bugtest|Any CPU
		{D7AD02BD-D1FA-40E4-8A54-38EB64ADA461}.Bugtest|ARM64.Build.0 = Bugtest|Any CPU
		{D7AD02BD-D1FA-40E4-8A54-38EB64ADA461}.Bugtest|x64.ActiveCfg = Bugtest|Any CPU
		{D7AD02BD-D1FA-40E4-8A54-38EB64ADA461}.Bugtest|x64.Build.0 = Bugtest|Any CPU
		{D7AD02BD-D1FA-40E4-8A54-38EB64ADA461}.Bugtest|x86.ActiveCfg = Bugtest|Any CPU
		{D7AD02BD-D1FA-40E4-8A54-38EB64ADA461}.Bugtest|x86.Build.0 = Bugtest|Any CPU
		{D7AD02BD-D1FA-40E4-8A54-38EB64ADA461}.Debug|Any CPU.ActiveCfg = Debug|Any CPU
		{D7AD02BD-D1FA-40E4-8A54-38EB64ADA461}.Debug|Any CPU.Build.0 = Debug|Any CPU
		{D7AD02BD-D1FA-40E4-8A54-38EB64ADA461}.Debug|ARM.ActiveCfg = Debug|Any CPU
		{D7AD02BD-D1FA-40E4-8A54-38EB64ADA461}.Debug|ARM.Build.0 = Debug|Any CPU
		{D7AD02BD-D1FA-40E4-8A54-38EB64ADA461}.Debug|ARM64.ActiveCfg = Debug|Any CPU
		{D7AD02BD-D1FA-40E4-8A54-38EB64ADA461}.Debug|ARM64.Build.0 = Debug|Any CPU
		{D7AD02BD-D1FA-40E4-8A54-38EB64ADA461}.Debug|x64.ActiveCfg = Debug|Any CPU
		{D7AD02BD-D1FA-40E4-8A54-38EB64ADA461}.Debug|x64.Build.0 = Debug|Any CPU
		{D7AD02BD-D1FA-40E4-8A54-38EB64ADA461}.Debug|x86.ActiveCfg = Debug|Any CPU
		{D7AD02BD-D1FA-40E4-8A54-38EB64ADA461}.Debug|x86.Build.0 = Debug|Any CPU
		{D7AD02BD-D1FA-40E4-8A54-38EB64ADA461}.Development|Any CPU.ActiveCfg = Debug|Any CPU
		{D7AD02BD-D1FA-40E4-8A54-38EB64ADA461}.Development|Any CPU.Build.0 = Debug|Any CPU
		{D7AD02BD-D1FA-40E4-8A54-38EB64ADA461}.Development|ARM.ActiveCfg = Debug|Any CPU
		{D7AD02BD-D1FA-40E4-8A54-38EB64ADA461}.Development|ARM64.ActiveCfg = Debug|Any CPU
		{D7AD02BD-D1FA-40E4-8A54-38EB64ADA461}.Development|x64.ActiveCfg = Debug|Any CPU
		{D7AD02BD-D1FA-40E4-8A54-38EB64ADA461}.Development|x86.ActiveCfg = Debug|Any CPU
		{D7AD02BD-D1FA-40E4-8A54-38EB64ADA461}.Portable (Release)|Any CPU.ActiveCfg = Release_Portable|Any CPU
		{D7AD02BD-D1FA-40E4-8A54-38EB64ADA461}.Portable (Release)|Any CPU.Build.0 = Release_Portable|Any CPU
		{D7AD02BD-D1FA-40E4-8A54-38EB64ADA461}.Portable (Release)|ARM.ActiveCfg = Preview|Any CPU
		{D7AD02BD-D1FA-40E4-8A54-38EB64ADA461}.Portable (Release)|ARM.Build.0 = Preview|Any CPU
		{D7AD02BD-D1FA-40E4-8A54-38EB64ADA461}.Portable (Release)|ARM64.ActiveCfg = Preview|Any CPU
		{D7AD02BD-D1FA-40E4-8A54-38EB64ADA461}.Portable (Release)|ARM64.Build.0 = Preview|Any CPU
		{D7AD02BD-D1FA-40E4-8A54-38EB64ADA461}.Portable (Release)|x64.ActiveCfg = Release_Portable|Any CPU
		{D7AD02BD-D1FA-40E4-8A54-38EB64ADA461}.Portable (Release)|x64.Build.0 = Release_Portable|Any CPU
		{D7AD02BD-D1FA-40E4-8A54-38EB64ADA461}.Portable (Release)|x86.ActiveCfg = Preview|Any CPU
		{D7AD02BD-D1FA-40E4-8A54-38EB64ADA461}.Portable (Release)|x86.Build.0 = Preview|Any CPU
		{D7AD02BD-D1FA-40E4-8A54-38EB64ADA461}.Preview|Any CPU.ActiveCfg = Preview|Any CPU
		{D7AD02BD-D1FA-40E4-8A54-38EB64ADA461}.Preview|Any CPU.Build.0 = Preview|Any CPU
		{D7AD02BD-D1FA-40E4-8A54-38EB64ADA461}.Preview|ARM.ActiveCfg = Preview|Any CPU
		{D7AD02BD-D1FA-40E4-8A54-38EB64ADA461}.Preview|ARM.Build.0 = Preview|Any CPU
		{D7AD02BD-D1FA-40E4-8A54-38EB64ADA461}.Preview|ARM64.ActiveCfg = Preview|Any CPU
		{D7AD02BD-D1FA-40E4-8A54-38EB64ADA461}.Preview|ARM64.Build.0 = Preview|Any CPU
		{D7AD02BD-D1FA-40E4-8A54-38EB64ADA461}.Preview|x64.ActiveCfg = Release_Portable|Any CPU
		{D7AD02BD-D1FA-40E4-8A54-38EB64ADA461}.Preview|x64.Build.0 = Release_Portable|Any CPU
		{D7AD02BD-D1FA-40E4-8A54-38EB64ADA461}.Preview|x86.ActiveCfg = Preview|Any CPU
		{D7AD02BD-D1FA-40E4-8A54-38EB64ADA461}.Preview|x86.Build.0 = Preview|Any CPU
		{D7AD02BD-D1FA-40E4-8A54-38EB64ADA461}.Release (Installer)|Any CPU.ActiveCfg = Release_Installer|Any CPU
		{D7AD02BD-D1FA-40E4-8A54-38EB64ADA461}.Release (Installer)|Any CPU.Build.0 = Release_Installer|Any CPU
		{D7AD02BD-D1FA-40E4-8A54-38EB64ADA461}.Release (Installer)|ARM.ActiveCfg = Release_Installer|Any CPU
		{D7AD02BD-D1FA-40E4-8A54-38EB64ADA461}.Release (Installer)|ARM.Build.0 = Release_Installer|Any CPU
		{D7AD02BD-D1FA-40E4-8A54-38EB64ADA461}.Release (Installer)|ARM64.ActiveCfg = Release_Installer|Any CPU
		{D7AD02BD-D1FA-40E4-8A54-38EB64ADA461}.Release (Installer)|ARM64.Build.0 = Release_Installer|Any CPU
		{D7AD02BD-D1FA-40E4-8A54-38EB64ADA461}.Release (Installer)|x64.ActiveCfg = Preview|Any CPU
		{D7AD02BD-D1FA-40E4-8A54-38EB64ADA461}.Release (Installer)|x64.Build.0 = Preview|Any CPU
		{D7AD02BD-D1FA-40E4-8A54-38EB64ADA461}.Release (Installer)|x86.ActiveCfg = Release_Installer|Any CPU
		{D7AD02BD-D1FA-40E4-8A54-38EB64ADA461}.Release (Installer)|x86.Build.0 = Release_Installer|Any CPU
		{D7AD02BD-D1FA-40E4-8A54-38EB64ADA461}.Release|Any CPU.ActiveCfg = Release|Any CPU
		{D7AD02BD-D1FA-40E4-8A54-38EB64ADA461}.Release|Any CPU.Build.0 = Release|Any CPU
		{D7AD02BD-D1FA-40E4-8A54-38EB64ADA461}.Release|ARM.ActiveCfg = Release|Any CPU
		{D7AD02BD-D1FA-40E4-8A54-38EB64ADA461}.Release|ARM.Build.0 = Release|Any CPU
		{D7AD02BD-D1FA-40E4-8A54-38EB64ADA461}.Release|ARM64.ActiveCfg = Release|Any CPU
		{D7AD02BD-D1FA-40E4-8A54-38EB64ADA461}.Release|ARM64.Build.0 = Release|Any CPU
		{D7AD02BD-D1FA-40E4-8A54-38EB64ADA461}.Release|x64.ActiveCfg = Release|Any CPU
		{D7AD02BD-D1FA-40E4-8A54-38EB64ADA461}.Release|x64.Build.0 = Release|Any CPU
		{D7AD02BD-D1FA-40E4-8A54-38EB64ADA461}.Release|x86.ActiveCfg = Release|Any CPU
		{D7AD02BD-D1FA-40E4-8A54-38EB64ADA461}.Release|x86.Build.0 = Release|Any CPU
	EndGlobalSection
	GlobalSection(SolutionProperties) = preSolution
		HideSolutionNode = FALSE
	EndGlobalSection
	GlobalSection(ExtensibilityGlobals) = postSolution
		SolutionGuid = {23F1CA20-8D64-4B8D-8A43-92D0E4C75DDA}
	EndGlobalSection
EndGlobal
