
Microsoft Visual Studio Solution File, Format Version 12.00
# Visual Studio Version 17
VisualStudioVersion = 17.3.32901.215
MinimumVisualStudioVersion = 10.0.40219.1
Project("{FAE04EC0-301F-11D3-BF4B-00C04F79EFBC}") = "Innovation Uniform Editor", "Innovation Uniform Editor\Innovation Uniform Editor.csproj", "{111DD03F-1239-43A1-94F2-89F76784649A}"
EndProject
Project("{54435603-DBB4-11D2-8724-00A0C9A8B90C}") = "Innovation Uniform Editor Setup", "Innovation Uniform Editor Setup\Innovation Uniform Editor Setup.vdproj", "{19179F13-702A-4317-B992-DF900DB3EED7}"
EndProject
Project("{FAE04EC0-301F-11D3-BF4B-00C04F79EFBC}") = "Innovation Uniform Editor Backend", "Innovation Uniform Editor Backend\Innovation Uniform Editor Backend.csproj", "{D7AD02BD-D1FA-40E4-8A54-38EB64ADA461}"
EndProject
Global
	GlobalSection(SolutionConfigurationPlatforms) = preSolution
		Debug|Any CPU = Debug|Any CPU
		Debug|ARM = Debug|ARM
		Debug|ARM64 = Debug|ARM64
		Debug|x64 = Debug|x64
		Debug|x86 = Debug|x86
		Release|Any CPU = Release|Any CPU
		Release|ARM = Release|ARM
		Release|ARM64 = Release|ARM64
		Release|x64 = Release|x64
		Release|x86 = Release|x86
	EndGlobalSection
	GlobalSection(ProjectConfigurationPlatforms) = postSolution
		{111DD03F-1239-43A1-94F2-89F76784649A}.Debug|Any CPU.ActiveCfg = Debug|Any CPU
		{111DD03F-1239-43A1-94F2-89F76784649A}.Debug|Any CPU.Build.0 = Debug|Any CPU
		{111DD03F-1239-43A1-94F2-89F76784649A}.Debug|ARM.ActiveCfg = Debug|Any CPU
		{111DD03F-1239-43A1-94F2-89F76784649A}.Debug|ARM.Build.0 = Debug|Any CPU
		{111DD03F-1239-43A1-94F2-89F76784649A}.Debug|ARM64.ActiveCfg = Debug|Any CPU
		{111DD03F-1239-43A1-94F2-89F76784649A}.Debug|ARM64.Build.0 = Debug|Any CPU
		{111DD03F-1239-43A1-94F2-89F76784649A}.Debug|x64.ActiveCfg = Debug|x64
		{111DD03F-1239-43A1-94F2-89F76784649A}.Debug|x64.Build.0 = Debug|x64
		{111DD03F-1239-43A1-94F2-89F76784649A}.Debug|x86.ActiveCfg = Debug|x86
		{111DD03F-1239-43A1-94F2-89F76784649A}.Debug|x86.Build.0 = Debug|x86
		{111DD03F-1239-43A1-94F2-89F76784649A}.Release|Any CPU.ActiveCfg = Release|Any CPU
		{111DD03F-1239-43A1-94F2-89F76784649A}.Release|Any CPU.Build.0 = Release|Any CPU
		{111DD03F-1239-43A1-94F2-89F76784649A}.Release|ARM.ActiveCfg = Release|Any CPU
		{111DD03F-1239-43A1-94F2-89F76784649A}.Release|ARM.Build.0 = Release|Any CPU
		{111DD03F-1239-43A1-94F2-89F76784649A}.Release|ARM64.ActiveCfg = Release|Any CPU
		{111DD03F-1239-43A1-94F2-89F76784649A}.Release|ARM64.Build.0 = Release|Any CPU
		{111DD03F-1239-43A1-94F2-89F76784649A}.Release|x64.ActiveCfg = Release|x64
		{111DD03F-1239-43A1-94F2-89F76784649A}.Release|x64.Build.0 = Release|x64
		{111DD03F-1239-43A1-94F2-89F76784649A}.Release|x86.ActiveCfg = Release|x86
		{111DD03F-1239-43A1-94F2-89F76784649A}.Release|x86.Build.0 = Release|x86
		{19179F13-702A-4317-B992-DF900DB3EED7}.Debug|Any CPU.ActiveCfg = Debug
		{19179F13-702A-4317-B992-DF900DB3EED7}.Debug|ARM.ActiveCfg = Debug
		{19179F13-702A-4317-B992-DF900DB3EED7}.Debug|ARM.Build.0 = Debug
		{19179F13-702A-4317-B992-DF900DB3EED7}.Debug|ARM64.ActiveCfg = Debug
		{19179F13-702A-4317-B992-DF900DB3EED7}.Debug|ARM64.Build.0 = Debug
		{19179F13-702A-4317-B992-DF900DB3EED7}.Debug|x64.ActiveCfg = Debug
		{19179F13-702A-4317-B992-DF900DB3EED7}.Debug|x86.ActiveCfg = Debug
		{19179F13-702A-4317-B992-DF900DB3EED7}.Release|Any CPU.ActiveCfg = Release
		{19179F13-702A-4317-B992-DF900DB3EED7}.Release|ARM.ActiveCfg = Release
		{19179F13-702A-4317-B992-DF900DB3EED7}.Release|ARM.Build.0 = Release
		{19179F13-702A-4317-B992-DF900DB3EED7}.Release|ARM64.ActiveCfg = Release
		{19179F13-702A-4317-B992-DF900DB3EED7}.Release|ARM64.Build.0 = Release
		{19179F13-702A-4317-B992-DF900DB3EED7}.Release|x64.ActiveCfg = Release
		{19179F13-702A-4317-B992-DF900DB3EED7}.Release|x86.ActiveCfg = Release
		{D7AD02BD-D1FA-40E4-8A54-38EB64ADA461}.Debug|Any CPU.ActiveCfg = Debug|Any CPU
		{D7AD02BD-D1FA-40E4-8A54-38EB64ADA461}.Debug|Any CPU.Build.0 = Debug|Any CPU
		{D7AD02BD-D1FA-40E4-8A54-38EB64ADA461}.Debug|ARM.ActiveCfg = Debug|Any CPU
		{D7AD02BD-D1FA-40E4-8A54-38EB64ADA461}.Debug|ARM.Build.0 = Debug|Any CPU
		{D7AD02BD-D1FA-40E4-8A54-38EB64ADA461}.Debug|ARM64.ActiveCfg = Debug|Any CPU
		{D7AD02BD-D1FA-40E4-8A54-38EB64ADA461}.Debug|ARM64.Build.0 = Debug|Any CPU
		{D7AD02BD-D1FA-40E4-8A54-38EB64ADA461}.Debug|x64.ActiveCfg = Debug|Any CPU
		{D7AD02BD-D1FA-40E4-8A54-38EB64ADA461}.Debug|x64.Build.0 = Debug|Any CPU
		{D7AD02BD-D1FA-40E4-8A54-38EB64ADA461}.Debug|x86.ActiveCfg = Debug|Any CPU
		{D7AD02BD-D1FA-40E4-8A54-38EB64ADA461}.Debug|x86.Build.0 = Debug|Any CPU
		{D7AD02BD-D1FA-40E4-8A54-38EB64ADA461}.Release|Any CPU.ActiveCfg = Release|Any CPU
		{D7AD02BD-D1FA-40E4-8A54-38EB64ADA461}.Release|Any CPU.Build.0 = Release|Any CPU
		{D7AD02BD-D1FA-40E4-8A54-38EB64ADA461}.Release|ARM.ActiveCfg = Release|Any CPU
		{D7AD02BD-D1FA-40E4-8A54-38EB64ADA461}.Release|ARM.Build.0 = Release|Any CPU
		{D7AD02BD-D1FA-40E4-8A54-38EB64ADA461}.Release|ARM64.ActiveCfg = Release|Any CPU
		{D7AD02BD-D1FA-40E4-8A54-38EB64ADA461}.Release|ARM64.Build.0 = Release|Any CPU
		{D7AD02BD-D1FA-40E4-8A54-38EB64ADA461}.Release|x64.ActiveCfg = Release|Any CPU
		{D7AD02BD-D1FA-40E4-8A54-38EB64ADA461}.Release|x64.Build.0 = Release|Any CPU
		{D7AD02BD-D1FA-40E4-8A54-38EB64ADA461}.Release|x86.ActiveCfg = Release|Any CPU
		{D7AD02BD-D1FA-40E4-8A54-38EB64ADA461}.Release|x86.Build.0 = Release|Any CPU
	EndGlobalSection
	GlobalSection(SolutionProperties) = preSolution
		HideSolutionNode = FALSE
	EndGlobalSection
	GlobalSection(ExtensibilityGlobals) = postSolution
		SolutionGuid = {23F1CA20-8D64-4B8D-8A43-92D0E4C75DDA}
	EndGlobalSection
EndGlobal
